
Microsoft Visual Studio Solution File, Format Version 12.00
# Visual Studio Version 17
VisualStudioVersion = 17.8.34511.84
MinimumVisualStudioVersion = 10.0.40219.1
Project("{9A19103F-16F7-4668-BE54-9A1E7A4F7556}") = "ProjectMunch.Api", "ProjectMunch.Api\ProjectMunch.Api.csproj", "{4E6C0C9B-6C72-4650-8695-DA012BBDE1C8}"
	ProjectSection(ProjectDependencies) = postProject
		{6065A2DC-35E5-4F51-802A-4DC255BDFEEF} = {6065A2DC-35E5-4F51-802A-4DC255BDFEEF}
	EndProjectSection
EndProject
Project("{2150E333-8FDC-42A3-9474-1A3956D46DE8}") = "Source", "Source", "{F9BD5358-FCB4-430A-BFCD-9154DA866BFE}"
EndProject
Project("{2150E333-8FDC-42A3-9474-1A3956D46DE8}") = "Api", "Api", "{CC0D33BE-237F-4D00-AC1D-FEE754B29DB6}"
EndProject
Project("{2150E333-8FDC-42A3-9474-1A3956D46DE8}") = "Persistence", "Persistence", "{7B32C0DD-16EB-4D9B-B7AE-173D1424EDE9}"
EndProject
Project("{9A19103F-16F7-4668-BE54-9A1E7A4F7556}") = "ProjectMunch.Persistence", "ProjectMunch.Persistence\ProjectMunch.Persistence.csproj", "{F9799EF5-3EA3-4DFD-A22C-A63389107A75}"
EndProject
Project("{2150E333-8FDC-42A3-9474-1A3956D46DE8}") = "Domain", "Domain", "{3E1F078E-387E-4FD2-A8FD-6D66D67B00A4}"
EndProject
Project("{2150E333-8FDC-42A3-9474-1A3956D46DE8}") = "Models", "Models", "{EBC2FC7A-73E4-4B7C-9FD2-FC22AC50C25D}"
EndProject
Project("{9A19103F-16F7-4668-BE54-9A1E7A4F7556}") = "ProjectMunch.Models", "ProjectMunch.Models\ProjectMunch.Models.csproj", "{EFA5CA9C-F06D-44E1-A650-4B0061D42489}"
EndProject
Project("{9A19103F-16F7-4668-BE54-9A1E7A4F7556}") = "ProjectMunch.Domain", "ProjectMunch.Core\ProjectMunch.Domain.csproj", "{FC34C089-1FB5-4A4E-83C0-704D7C1ACE71}"
EndProject
Project("{9A19103F-16F7-4668-BE54-9A1E7A4F7556}") = "ProjectMunch.Domain.Tests", "ProjectMunch.Domain.Tests\ProjectMunch.Domain.Tests.csproj", "{941A103C-9B3A-41D8-8D74-11E76E23C23D}"
EndProject
Project("{2150E333-8FDC-42A3-9474-1A3956D46DE8}") = "DTO", "DTO", "{3B4C8719-D505-4AE0-9EC8-2C7359A8B2B9}"
EndProject
Project("{9A19103F-16F7-4668-BE54-9A1E7A4F7556}") = "ProjectMunch.DTO", "ProjectMunch.DTO\ProjectMunch.DTO.csproj", "{6065A2DC-35E5-4F51-802A-4DC255BDFEEF}"
EndProject
Project("{2150E333-8FDC-42A3-9474-1A3956D46DE8}") = "Bff", "Bff", "{346CD04C-8CFC-4023-98AA-DBF87B28E259}"
EndProject
Project("{FAE04EC0-301F-11D3-BF4B-00C04F79EFBC}") = "ProjectMunch.Bff", "ProjectMunch.Bff\ProjectMunch.Bff.csproj", "{B7539C04-E7CC-4ED7-9200-93E38D80120F}"
EndProject
Global
	GlobalSection(SolutionConfigurationPlatforms) = preSolution
		Debug|Any CPU = Debug|Any CPU
		Release|Any CPU = Release|Any CPU
	EndGlobalSection
	GlobalSection(ProjectConfigurationPlatforms) = postSolution
		{4E6C0C9B-6C72-4650-8695-DA012BBDE1C8}.Debug|Any CPU.ActiveCfg = Debug|Any CPU
		{4E6C0C9B-6C72-4650-8695-DA012BBDE1C8}.Debug|Any CPU.Build.0 = Debug|Any CPU
		{4E6C0C9B-6C72-4650-8695-DA012BBDE1C8}.Release|Any CPU.ActiveCfg = Release|Any CPU
		{4E6C0C9B-6C72-4650-8695-DA012BBDE1C8}.Release|Any CPU.Build.0 = Release|Any CPU
		{F9799EF5-3EA3-4DFD-A22C-A63389107A75}.Debug|Any CPU.ActiveCfg = Debug|Any CPU
		{F9799EF5-3EA3-4DFD-A22C-A63389107A75}.Debug|Any CPU.Build.0 = Debug|Any CPU
		{F9799EF5-3EA3-4DFD-A22C-A63389107A75}.Release|Any CPU.ActiveCfg = Release|Any CPU
		{F9799EF5-3EA3-4DFD-A22C-A63389107A75}.Release|Any CPU.Build.0 = Release|Any CPU
		{EFA5CA9C-F06D-44E1-A650-4B0061D42489}.Debug|Any CPU.ActiveCfg = Debug|Any CPU
		{EFA5CA9C-F06D-44E1-A650-4B0061D42489}.Debug|Any CPU.Build.0 = Debug|Any CPU
		{EFA5CA9C-F06D-44E1-A650-4B0061D42489}.Release|Any CPU.ActiveCfg = Release|Any CPU
		{EFA5CA9C-F06D-44E1-A650-4B0061D42489}.Release|Any CPU.Build.0 = Release|Any CPU
		{FC34C089-1FB5-4A4E-83C0-704D7C1ACE71}.Debug|Any CPU.ActiveCfg = Debug|Any CPU
		{FC34C089-1FB5-4A4E-83C0-704D7C1ACE71}.Debug|Any CPU.Build.0 = Debug|Any CPU
		{FC34C089-1FB5-4A4E-83C0-704D7C1ACE71}.Release|Any CPU.ActiveCfg = Release|Any CPU
		{FC34C089-1FB5-4A4E-83C0-704D7C1ACE71}.Release|Any CPU.Build.0 = Release|Any CPU
		{941A103C-9B3A-41D8-8D74-11E76E23C23D}.Debug|Any CPU.ActiveCfg = Debug|Any CPU
		{941A103C-9B3A-41D8-8D74-11E76E23C23D}.Debug|Any CPU.Build.0 = Debug|Any CPU
		{941A103C-9B3A-41D8-8D74-11E76E23C23D}.Release|Any CPU.ActiveCfg = Release|Any CPU
		{941A103C-9B3A-41D8-8D74-11E76E23C23D}.Release|Any CPU.Build.0 = Release|Any CPU
		{6065A2DC-35E5-4F51-802A-4DC255BDFEEF}.Debug|Any CPU.ActiveCfg = Debug|Any CPU
		{6065A2DC-35E5-4F51-802A-4DC255BDFEEF}.Debug|Any CPU.Build.0 = Debug|Any CPU
		{6065A2DC-35E5-4F51-802A-4DC255BDFEEF}.Release|Any CPU.ActiveCfg = Release|Any CPU
		{6065A2DC-35E5-4F51-802A-4DC255BDFEEF}.Release|Any CPU.Build.0 = Release|Any CPU
		{B7539C04-E7CC-4ED7-9200-93E38D80120F}.Debug|Any CPU.ActiveCfg = Debug|Any CPU
		{B7539C04-E7CC-4ED7-9200-93E38D80120F}.Debug|Any CPU.Build.0 = Debug|Any CPU
		{B7539C04-E7CC-4ED7-9200-93E38D80120F}.Release|Any CPU.ActiveCfg = Release|Any CPU
		{B7539C04-E7CC-4ED7-9200-93E38D80120F}.Release|Any CPU.Build.0 = Release|Any CPU
	EndGlobalSection
	GlobalSection(SolutionProperties) = preSolution
		HideSolutionNode = FALSE
	EndGlobalSection
	GlobalSection(NestedProjects) = preSolution
		{4E6C0C9B-6C72-4650-8695-DA012BBDE1C8} = {CC0D33BE-237F-4D00-AC1D-FEE754B29DB6}
		{CC0D33BE-237F-4D00-AC1D-FEE754B29DB6} = {F9BD5358-FCB4-430A-BFCD-9154DA866BFE}
		{7B32C0DD-16EB-4D9B-B7AE-173D1424EDE9} = {F9BD5358-FCB4-430A-BFCD-9154DA866BFE}
		{F9799EF5-3EA3-4DFD-A22C-A63389107A75} = {7B32C0DD-16EB-4D9B-B7AE-173D1424EDE9}
		{3E1F078E-387E-4FD2-A8FD-6D66D67B00A4} = {F9BD5358-FCB4-430A-BFCD-9154DA866BFE}
		{EBC2FC7A-73E4-4B7C-9FD2-FC22AC50C25D} = {F9BD5358-FCB4-430A-BFCD-9154DA866BFE}
		{EFA5CA9C-F06D-44E1-A650-4B0061D42489} = {EBC2FC7A-73E4-4B7C-9FD2-FC22AC50C25D}
		{FC34C089-1FB5-4A4E-83C0-704D7C1ACE71} = {3E1F078E-387E-4FD2-A8FD-6D66D67B00A4}
		{941A103C-9B3A-41D8-8D74-11E76E23C23D} = {3E1F078E-387E-4FD2-A8FD-6D66D67B00A4}
		{3B4C8719-D505-4AE0-9EC8-2C7359A8B2B9} = {F9BD5358-FCB4-430A-BFCD-9154DA866BFE}
		{6065A2DC-35E5-4F51-802A-4DC255BDFEEF} = {3B4C8719-D505-4AE0-9EC8-2C7359A8B2B9}
		{346CD04C-8CFC-4023-98AA-DBF87B28E259} = {F9BD5358-FCB4-430A-BFCD-9154DA866BFE}
		{B7539C04-E7CC-4ED7-9200-93E38D80120F} = {346CD04C-8CFC-4023-98AA-DBF87B28E259}
	EndGlobalSection
	GlobalSection(ExtensibilityGlobals) = postSolution
		SolutionGuid = {3CAC0EEF-F95A-4733-81DB-696369D617C6}
	EndGlobalSection
EndGlobal
